
Microsoft Visual Studio Solution File, Format Version 12.00
# Visual Studio Version 16
VisualStudioVersion = 16.0.30804.86
MinimumVisualStudioVersion = 10.0.40219.1
Project("{FAE04EC0-301F-11D3-BF4B-00C04F79EFBC}") = "ValidateFiles", "ValidateFiles\ValidateFiles.csproj", "{C3D4C33C-7896-49D9-BED7-AE27151A9E33}"
EndProject
Global
	GlobalSection(SolutionConfigurationPlatforms) = preSolution
		Debug|Any CPU = Debug|Any CPU
		Release|Any CPU = Release|Any CPU
	EndGlobalSection
	GlobalSection(ProjectConfigurationPlatforms) = postSolution
		{C3D4C33C-7896-49D9-BED7-AE27151A9E33}.Debug|Any CPU.ActiveCfg = Debug|Any CPU
		{C3D4C33C-7896-49D9-BED7-AE27151A9E33}.Debug|Any CPU.Build.0 = Debug|Any CPU
		{C3D4C33C-7896-49D9-BED7-AE27151A9E33}.Release|Any CPU.ActiveCfg = Release|Any CPU
		{C3D4C33C-7896-49D9-BED7-AE27151A9E33}.Release|Any CPU.Build.0 = Release|Any CPU
	EndGlobalSection
	GlobalSection(SolutionProperties) = preSolution
		HideSolutionNode = FALSE
	EndGlobalSection
	GlobalSection(ExtensibilityGlobals) = postSolution
		SolutionGuid = {10B6D573-A34B-4FC5-BCE5-DDB8D25A0FD3}
	EndGlobalSection
EndGlobal
